
Microsoft Visual Studio Solution File, Format Version 12.00
# Visual Studio 15
VisualStudioVersion = 15.0.28010.0
MinimumVisualStudioVersion = 10.0.40219.1
Project("{FAE04EC0-301F-11D3-BF4B-00C04F79EFBC}") = "SpeechPathology.Android", "src\SpeechPathology.Android\SpeechPathology.Android.csproj", "{E0C7ACB5-25DC-441B-87EF-23D4DC7D88B6}"
EndProject
Project("{FAE04EC0-301F-11D3-BF4B-00C04F79EFBC}") = "SpeechPathology.iOS", "src\SpeechPathology.iOS\SpeechPathology.iOS.csproj", "{5B04ABE5-8052-41E5-AE6E-924ABD1B22EA}"
EndProject
Project("{9A19103F-16F7-4668-BE54-9A1E7A4F7556}") = "SpeechPathology", "src\SpeechPathology\SpeechPathology.csproj", "{7F0B7782-27D8-48D9-B6D7-26A4007F066B}"
EndProject
Project("{2150E333-8FDC-42A3-9474-1A3956D46DE8}") = "tests", "tests", "{AF15307C-2938-41EF-9227-47F24ACAF17D}"
EndProject
Project("{9A19103F-16F7-4668-BE54-9A1E7A4F7556}") = "SpeechPathology.Tests", "tests\SpeechPathology.Tests\SpeechPathology.Tests.csproj", "{49F243BA-C621-4E99-83B9-47A62814C413}"
EndProject
Project("{2150E333-8FDC-42A3-9474-1A3956D46DE8}") = "lib", "lib", "{CEC20035-238F-4FFC-AAE9-7E37667B87CC}"
	ProjectSection(SolutionItems) = preProject
		lib\MigraDocCore.DocumentObjectModel.dll = lib\MigraDocCore.DocumentObjectModel.dll
		lib\MigraDocCore.DocumentObjectModel.pdb = lib\MigraDocCore.DocumentObjectModel.pdb
		lib\MigraDocCore.Rendering.dll = lib\MigraDocCore.Rendering.dll
		lib\MigraDocCore.Rendering.pdb = lib\MigraDocCore.Rendering.pdb
		lib\PdfSharpCore.Charting.dll = lib\PdfSharpCore.Charting.dll
		lib\PdfSharpCore.Charting.pdb = lib\PdfSharpCore.Charting.pdb
		lib\PdfSharpCore.dll = lib\PdfSharpCore.dll
		lib\PdfSharpCore.pdb = lib\PdfSharpCore.pdb
	EndProjectSection
EndProject
Global
	GlobalSection(SolutionConfigurationPlatforms) = preSolution
		Ad-Hoc|Any CPU = Ad-Hoc|Any CPU
		Ad-Hoc|iPhone = Ad-Hoc|iPhone
		Ad-Hoc|iPhoneSimulator = Ad-Hoc|iPhoneSimulator
		AppStore|Any CPU = AppStore|Any CPU
		AppStore|iPhone = AppStore|iPhone
		AppStore|iPhoneSimulator = AppStore|iPhoneSimulator
		Debug|Any CPU = Debug|Any CPU
		Debug|iPhone = Debug|iPhone
		Debug|iPhoneSimulator = Debug|iPhoneSimulator
		Release|Any CPU = Release|Any CPU
		Release|iPhone = Release|iPhone
		Release|iPhoneSimulator = Release|iPhoneSimulator
	EndGlobalSection
	GlobalSection(ProjectConfigurationPlatforms) = postSolution
		{E0C7ACB5-25DC-441B-87EF-23D4DC7D88B6}.Ad-Hoc|Any CPU.ActiveCfg = Release|Any CPU
		{E0C7ACB5-25DC-441B-87EF-23D4DC7D88B6}.Ad-Hoc|Any CPU.Build.0 = Release|Any CPU
		{E0C7ACB5-25DC-441B-87EF-23D4DC7D88B6}.Ad-Hoc|Any CPU.Deploy.0 = Release|Any CPU
		{E0C7ACB5-25DC-441B-87EF-23D4DC7D88B6}.Ad-Hoc|iPhone.ActiveCfg = Release|Any CPU
		{E0C7ACB5-25DC-441B-87EF-23D4DC7D88B6}.Ad-Hoc|iPhone.Build.0 = Release|Any CPU
		{E0C7ACB5-25DC-441B-87EF-23D4DC7D88B6}.Ad-Hoc|iPhone.Deploy.0 = Release|Any CPU
		{E0C7ACB5-25DC-441B-87EF-23D4DC7D88B6}.Ad-Hoc|iPhoneSimulator.ActiveCfg = Release|Any CPU
		{E0C7ACB5-25DC-441B-87EF-23D4DC7D88B6}.Ad-Hoc|iPhoneSimulator.Build.0 = Release|Any CPU
		{E0C7ACB5-25DC-441B-87EF-23D4DC7D88B6}.Ad-Hoc|iPhoneSimulator.Deploy.0 = Release|Any CPU
		{E0C7ACB5-25DC-441B-87EF-23D4DC7D88B6}.AppStore|Any CPU.ActiveCfg = Release|Any CPU
		{E0C7ACB5-25DC-441B-87EF-23D4DC7D88B6}.AppStore|Any CPU.Build.0 = Release|Any CPU
		{E0C7ACB5-25DC-441B-87EF-23D4DC7D88B6}.AppStore|Any CPU.Deploy.0 = Release|Any CPU
		{E0C7ACB5-25DC-441B-87EF-23D4DC7D88B6}.AppStore|iPhone.ActiveCfg = Release|Any CPU
		{E0C7ACB5-25DC-441B-87EF-23D4DC7D88B6}.AppStore|iPhone.Build.0 = Release|Any CPU
		{E0C7ACB5-25DC-441B-87EF-23D4DC7D88B6}.AppStore|iPhone.Deploy.0 = Release|Any CPU
		{E0C7ACB5-25DC-441B-87EF-23D4DC7D88B6}.AppStore|iPhoneSimulator.ActiveCfg = Release|Any CPU
		{E0C7ACB5-25DC-441B-87EF-23D4DC7D88B6}.AppStore|iPhoneSimulator.Build.0 = Release|Any CPU
		{E0C7ACB5-25DC-441B-87EF-23D4DC7D88B6}.AppStore|iPhoneSimulator.Deploy.0 = Release|Any CPU
		{E0C7ACB5-25DC-441B-87EF-23D4DC7D88B6}.Debug|Any CPU.ActiveCfg = Debug|Any CPU
		{E0C7ACB5-25DC-441B-87EF-23D4DC7D88B6}.Debug|Any CPU.Build.0 = Debug|Any CPU
		{E0C7ACB5-25DC-441B-87EF-23D4DC7D88B6}.Debug|Any CPU.Deploy.0 = Debug|Any CPU
		{E0C7ACB5-25DC-441B-87EF-23D4DC7D88B6}.Debug|iPhone.ActiveCfg = Debug|Any CPU
		{E0C7ACB5-25DC-441B-87EF-23D4DC7D88B6}.Debug|iPhone.Build.0 = Debug|Any CPU
		{E0C7ACB5-25DC-441B-87EF-23D4DC7D88B6}.Debug|iPhone.Deploy.0 = Debug|Any CPU
		{E0C7ACB5-25DC-441B-87EF-23D4DC7D88B6}.Debug|iPhoneSimulator.ActiveCfg = Debug|Any CPU
		{E0C7ACB5-25DC-441B-87EF-23D4DC7D88B6}.Debug|iPhoneSimulator.Build.0 = Debug|Any CPU
		{E0C7ACB5-25DC-441B-87EF-23D4DC7D88B6}.Debug|iPhoneSimulator.Deploy.0 = Debug|Any CPU
		{E0C7ACB5-25DC-441B-87EF-23D4DC7D88B6}.Release|Any CPU.ActiveCfg = Release|Any CPU
		{E0C7ACB5-25DC-441B-87EF-23D4DC7D88B6}.Release|Any CPU.Build.0 = Release|Any CPU
		{E0C7ACB5-25DC-441B-87EF-23D4DC7D88B6}.Release|Any CPU.Deploy.0 = Release|Any CPU
		{E0C7ACB5-25DC-441B-87EF-23D4DC7D88B6}.Release|iPhone.ActiveCfg = Release|Any CPU
		{E0C7ACB5-25DC-441B-87EF-23D4DC7D88B6}.Release|iPhone.Build.0 = Release|Any CPU
		{E0C7ACB5-25DC-441B-87EF-23D4DC7D88B6}.Release|iPhone.Deploy.0 = Release|Any CPU
		{E0C7ACB5-25DC-441B-87EF-23D4DC7D88B6}.Release|iPhoneSimulator.ActiveCfg = Release|Any CPU
		{E0C7ACB5-25DC-441B-87EF-23D4DC7D88B6}.Release|iPhoneSimulator.Build.0 = Release|Any CPU
		{E0C7ACB5-25DC-441B-87EF-23D4DC7D88B6}.Release|iPhoneSimulator.Deploy.0 = Release|Any CPU
		{5B04ABE5-8052-41E5-AE6E-924ABD1B22EA}.Ad-Hoc|Any CPU.ActiveCfg = Ad-Hoc|iPhone
		{5B04ABE5-8052-41E5-AE6E-924ABD1B22EA}.Ad-Hoc|Any CPU.Build.0 = Ad-Hoc|iPhone
		{5B04ABE5-8052-41E5-AE6E-924ABD1B22EA}.Ad-Hoc|Any CPU.Deploy.0 = Ad-Hoc|iPhone
		{5B04ABE5-8052-41E5-AE6E-924ABD1B22EA}.Ad-Hoc|iPhone.ActiveCfg = Ad-Hoc|iPhone
		{5B04ABE5-8052-41E5-AE6E-924ABD1B22EA}.Ad-Hoc|iPhone.Build.0 = Ad-Hoc|iPhone
		{5B04ABE5-8052-41E5-AE6E-924ABD1B22EA}.Ad-Hoc|iPhone.Deploy.0 = Ad-Hoc|iPhone
		{5B04ABE5-8052-41E5-AE6E-924ABD1B22EA}.Ad-Hoc|iPhoneSimulator.ActiveCfg = Ad-Hoc|iPhoneSimulator
		{5B04ABE5-8052-41E5-AE6E-924ABD1B22EA}.Ad-Hoc|iPhoneSimulator.Build.0 = Ad-Hoc|iPhoneSimulator
		{5B04ABE5-8052-41E5-AE6E-924ABD1B22EA}.Ad-Hoc|iPhoneSimulator.Deploy.0 = Ad-Hoc|iPhoneSimulator
		{5B04ABE5-8052-41E5-AE6E-924ABD1B22EA}.AppStore|Any CPU.ActiveCfg = AppStore|iPhone
		{5B04ABE5-8052-41E5-AE6E-924ABD1B22EA}.AppStore|Any CPU.Build.0 = AppStore|iPhone
		{5B04ABE5-8052-41E5-AE6E-924ABD1B22EA}.AppStore|Any CPU.Deploy.0 = AppStore|iPhone
		{5B04ABE5-8052-41E5-AE6E-924ABD1B22EA}.AppStore|iPhone.ActiveCfg = AppStore|iPhone
		{5B04ABE5-8052-41E5-AE6E-924ABD1B22EA}.AppStore|iPhone.Build.0 = AppStore|iPhone
		{5B04ABE5-8052-41E5-AE6E-924ABD1B22EA}.AppStore|iPhone.Deploy.0 = AppStore|iPhone
		{5B04ABE5-8052-41E5-AE6E-924ABD1B22EA}.AppStore|iPhoneSimulator.ActiveCfg = AppStore|iPhoneSimulator
		{5B04ABE5-8052-41E5-AE6E-924ABD1B22EA}.AppStore|iPhoneSimulator.Build.0 = AppStore|iPhoneSimulator
		{5B04ABE5-8052-41E5-AE6E-924ABD1B22EA}.AppStore|iPhoneSimulator.Deploy.0 = AppStore|iPhoneSimulator
		{5B04ABE5-8052-41E5-AE6E-924ABD1B22EA}.Debug|Any CPU.ActiveCfg = Debug|iPhoneSimulator
		{5B04ABE5-8052-41E5-AE6E-924ABD1B22EA}.Debug|Any CPU.Deploy.0 = Debug|iPhoneSimulator
		{5B04ABE5-8052-41E5-AE6E-924ABD1B22EA}.Debug|iPhone.ActiveCfg = Debug|iPhone
		{5B04ABE5-8052-41E5-AE6E-924ABD1B22EA}.Debug|iPhone.Build.0 = Debug|iPhone
		{5B04ABE5-8052-41E5-AE6E-924ABD1B22EA}.Debug|iPhone.Deploy.0 = Debug|iPhone
		{5B04ABE5-8052-41E5-AE6E-924ABD1B22EA}.Debug|iPhoneSimulator.ActiveCfg = Debug|iPhoneSimulator
		{5B04ABE5-8052-41E5-AE6E-924ABD1B22EA}.Debug|iPhoneSimulator.Build.0 = Debug|iPhoneSimulator
		{5B04ABE5-8052-41E5-AE6E-924ABD1B22EA}.Debug|iPhoneSimulator.Deploy.0 = Debug|iPhoneSimulator
		{5B04ABE5-8052-41E5-AE6E-924ABD1B22EA}.Release|Any CPU.ActiveCfg = Release|iPhone
		{5B04ABE5-8052-41E5-AE6E-924ABD1B22EA}.Release|Any CPU.Deploy.0 = Release|iPhone
		{5B04ABE5-8052-41E5-AE6E-924ABD1B22EA}.Release|iPhone.ActiveCfg = Release|iPhone
		{5B04ABE5-8052-41E5-AE6E-924ABD1B22EA}.Release|iPhone.Build.0 = Release|iPhone
		{5B04ABE5-8052-41E5-AE6E-924ABD1B22EA}.Release|iPhone.Deploy.0 = Release|iPhone
		{5B04ABE5-8052-41E5-AE6E-924ABD1B22EA}.Release|iPhoneSimulator.ActiveCfg = Release|iPhoneSimulator
		{5B04ABE5-8052-41E5-AE6E-924ABD1B22EA}.Release|iPhoneSimulator.Build.0 = Release|iPhoneSimulator
		{5B04ABE5-8052-41E5-AE6E-924ABD1B22EA}.Release|iPhoneSimulator.Deploy.0 = Release|iPhoneSimulator
		{7F0B7782-27D8-48D9-B6D7-26A4007F066B}.Ad-Hoc|Any CPU.ActiveCfg = Debug|Any CPU
		{7F0B7782-27D8-48D9-B6D7-26A4007F066B}.Ad-Hoc|Any CPU.Build.0 = Debug|Any CPU
		{7F0B7782-27D8-48D9-B6D7-26A4007F066B}.Ad-Hoc|Any CPU.Deploy.0 = Debug|Any CPU
		{7F0B7782-27D8-48D9-B6D7-26A4007F066B}.Ad-Hoc|iPhone.ActiveCfg = Debug|Any CPU
		{7F0B7782-27D8-48D9-B6D7-26A4007F066B}.Ad-Hoc|iPhone.Build.0 = Debug|Any CPU
		{7F0B7782-27D8-48D9-B6D7-26A4007F066B}.Ad-Hoc|iPhone.Deploy.0 = Debug|Any CPU
		{7F0B7782-27D8-48D9-B6D7-26A4007F066B}.Ad-Hoc|iPhoneSimulator.ActiveCfg = Debug|Any CPU
		{7F0B7782-27D8-48D9-B6D7-26A4007F066B}.Ad-Hoc|iPhoneSimulator.Build.0 = Debug|Any CPU
		{7F0B7782-27D8-48D9-B6D7-26A4007F066B}.Ad-Hoc|iPhoneSimulator.Deploy.0 = Debug|Any CPU
		{7F0B7782-27D8-48D9-B6D7-26A4007F066B}.AppStore|Any CPU.ActiveCfg = Debug|Any CPU
		{7F0B7782-27D8-48D9-B6D7-26A4007F066B}.AppStore|Any CPU.Build.0 = Debug|Any CPU
		{7F0B7782-27D8-48D9-B6D7-26A4007F066B}.AppStore|Any CPU.Deploy.0 = Debug|Any CPU
		{7F0B7782-27D8-48D9-B6D7-26A4007F066B}.AppStore|iPhone.ActiveCfg = Debug|Any CPU
		{7F0B7782-27D8-48D9-B6D7-26A4007F066B}.AppStore|iPhone.Build.0 = Debug|Any CPU
		{7F0B7782-27D8-48D9-B6D7-26A4007F066B}.AppStore|iPhone.Deploy.0 = Debug|Any CPU
		{7F0B7782-27D8-48D9-B6D7-26A4007F066B}.AppStore|iPhoneSimulator.ActiveCfg = Debug|Any CPU
		{7F0B7782-27D8-48D9-B6D7-26A4007F066B}.AppStore|iPhoneSimulator.Build.0 = Debug|Any CPU
		{7F0B7782-27D8-48D9-B6D7-26A4007F066B}.AppStore|iPhoneSimulator.Deploy.0 = Debug|Any CPU
		{7F0B7782-27D8-48D9-B6D7-26A4007F066B}.Debug|Any CPU.ActiveCfg = Debug|Any CPU
		{7F0B7782-27D8-48D9-B6D7-26A4007F066B}.Debug|Any CPU.Build.0 = Debug|Any CPU
		{7F0B7782-27D8-48D9-B6D7-26A4007F066B}.Debug|Any CPU.Deploy.0 = Debug|Any CPU
		{7F0B7782-27D8-48D9-B6D7-26A4007F066B}.Debug|iPhone.ActiveCfg = Debug|Any CPU
		{7F0B7782-27D8-48D9-B6D7-26A4007F066B}.Debug|iPhone.Build.0 = Debug|Any CPU
		{7F0B7782-27D8-48D9-B6D7-26A4007F066B}.Debug|iPhone.Deploy.0 = Debug|Any CPU
		{7F0B7782-27D8-48D9-B6D7-26A4007F066B}.Debug|iPhoneSimulator.ActiveCfg = Debug|Any CPU
		{7F0B7782-27D8-48D9-B6D7-26A4007F066B}.Debug|iPhoneSimulator.Build.0 = Debug|Any CPU
		{7F0B7782-27D8-48D9-B6D7-26A4007F066B}.Debug|iPhoneSimulator.Deploy.0 = Debug|Any CPU
		{7F0B7782-27D8-48D9-B6D7-26A4007F066B}.Release|Any CPU.ActiveCfg = Release|Any CPU
		{7F0B7782-27D8-48D9-B6D7-26A4007F066B}.Release|Any CPU.Build.0 = Release|Any CPU
		{7F0B7782-27D8-48D9-B6D7-26A4007F066B}.Release|Any CPU.Deploy.0 = Release|Any CPU
		{7F0B7782-27D8-48D9-B6D7-26A4007F066B}.Release|iPhone.ActiveCfg = Release|Any CPU
		{7F0B7782-27D8-48D9-B6D7-26A4007F066B}.Release|iPhone.Build.0 = Release|Any CPU
		{7F0B7782-27D8-48D9-B6D7-26A4007F066B}.Release|iPhone.Deploy.0 = Release|Any CPU
		{7F0B7782-27D8-48D9-B6D7-26A4007F066B}.Release|iPhoneSimulator.ActiveCfg = Release|Any CPU
		{7F0B7782-27D8-48D9-B6D7-26A4007F066B}.Release|iPhoneSimulator.Build.0 = Release|Any CPU
		{7F0B7782-27D8-48D9-B6D7-26A4007F066B}.Release|iPhoneSimulator.Deploy.0 = Release|Any CPU
		{49F243BA-C621-4E99-83B9-47A62814C413}.Ad-Hoc|Any CPU.ActiveCfg = Debug|Any CPU
		{49F243BA-C621-4E99-83B9-47A62814C413}.Ad-Hoc|Any CPU.Build.0 = Debug|Any CPU
		{49F243BA-C621-4E99-83B9-47A62814C413}.Ad-Hoc|iPhone.ActiveCfg = Debug|Any CPU
		{49F243BA-C621-4E99-83B9-47A62814C413}.Ad-Hoc|iPhone.Build.0 = Debug|Any CPU
		{49F243BA-C621-4E99-83B9-47A62814C413}.Ad-Hoc|iPhoneSimulator.ActiveCfg = Debug|Any CPU
		{49F243BA-C621-4E99-83B9-47A62814C413}.Ad-Hoc|iPhoneSimulator.Build.0 = Debug|Any CPU
		{49F243BA-C621-4E99-83B9-47A62814C413}.AppStore|Any CPU.ActiveCfg = Debug|Any CPU
		{49F243BA-C621-4E99-83B9-47A62814C413}.AppStore|Any CPU.Build.0 = Debug|Any CPU
		{49F243BA-C621-4E99-83B9-47A62814C413}.AppStore|iPhone.ActiveCfg = Debug|Any CPU
		{49F243BA-C621-4E99-83B9-47A62814C413}.AppStore|iPhone.Build.0 = Debug|Any CPU
		{49F243BA-C621-4E99-83B9-47A62814C413}.AppStore|iPhoneSimulator.ActiveCfg = Debug|Any CPU
		{49F243BA-C621-4E99-83B9-47A62814C413}.AppStore|iPhoneSimulator.Build.0 = Debug|Any CPU
		{49F243BA-C621-4E99-83B9-47A62814C413}.Debug|Any CPU.ActiveCfg = Debug|Any CPU
		{49F243BA-C621-4E99-83B9-47A62814C413}.Debug|Any CPU.Build.0 = Debug|Any CPU
		{49F243BA-C621-4E99-83B9-47A62814C413}.Debug|iPhone.ActiveCfg = Debug|Any CPU
		{49F243BA-C621-4E99-83B9-47A62814C413}.Debug|iPhone.Build.0 = Debug|Any CPU
		{49F243BA-C621-4E99-83B9-47A62814C413}.Debug|iPhoneSimulator.ActiveCfg = Debug|Any CPU
		{49F243BA-C621-4E99-83B9-47A62814C413}.Debug|iPhoneSimulator.Build.0 = Debug|Any CPU
		{49F243BA-C621-4E99-83B9-47A62814C413}.Release|Any CPU.ActiveCfg = Release|Any CPU
		{49F243BA-C621-4E99-83B9-47A62814C413}.Release|Any CPU.Build.0 = Release|Any CPU
		{49F243BA-C621-4E99-83B9-47A62814C413}.Release|iPhone.ActiveCfg = Release|Any CPU
		{49F243BA-C621-4E99-83B9-47A62814C413}.Release|iPhone.Build.0 = Release|Any CPU
		{49F243BA-C621-4E99-83B9-47A62814C413}.Release|iPhoneSimulator.ActiveCfg = Release|Any CPU
		{49F243BA-C621-4E99-83B9-47A62814C413}.Release|iPhoneSimulator.Build.0 = Release|Any CPU
	EndGlobalSection
	GlobalSection(SolutionProperties) = preSolution
		HideSolutionNode = FALSE
	EndGlobalSection
	GlobalSection(NestedProjects) = preSolution
		{49F243BA-C621-4E99-83B9-47A62814C413} = {AF15307C-2938-41EF-9227-47F24ACAF17D}
	EndGlobalSection
	GlobalSection(ExtensibilityGlobals) = postSolution
		SolutionGuid = {42D29F01-E4B4-481C-918F-0BD6A55212C9}
	EndGlobalSection
EndGlobal
